// !$*UTF8*$!
{
	archiveVersion = 1;
	classes = {
	};
	objectVersion = 50;
	objects = {

/* Begin PBXBuildFile section */
		4B1229681BB359A99686D05A /* Pods_nPOS.framework in Frameworks */ = {isa = PBXBuildFile; fileRef = 0025178C52A0169280EEF968 /* Pods_nPOS.framework */; };
		C00FADB520BC4405006874FF /* PayVC.swift in Sources */ = {isa = PBXBuildFile; fileRef = C00FADB420BC4405006874FF /* PayVC.swift */; };
		C00FADB720BC906A006874FF /* AddGiftCardExtension.swift in Sources */ = {isa = PBXBuildFile; fileRef = C00FADB620BC906A006874FF /* AddGiftCardExtension.swift */; };
		C00FADB920BC92C4006874FF /* AmountGiftCardTFExtension.swift in Sources */ = {isa = PBXBuildFile; fileRef = C00FADB820BC92C4006874FF /* AmountGiftCardTFExtension.swift */; };
		C00FADBB20BCA10D006874FF /* TotalCalculationExtension.swift in Sources */ = {isa = PBXBuildFile; fileRef = C00FADBA20BCA10D006874FF /* TotalCalculationExtension.swift */; };
		C00FADBD20BD51F8006874FF /* NewItemVC.swift in Sources */ = {isa = PBXBuildFile; fileRef = C00FADBC20BD51F8006874FF /* NewItemVC.swift */; };
		C00FADBF20BD5A76006874FF /* ItemCategoryCell.swift in Sources */ = {isa = PBXBuildFile; fileRef = C00FADBE20BD5A76006874FF /* ItemCategoryCell.swift */; };
		C00FADC320BD5B09006874FF /* ItemCategoryCollection.swift in Sources */ = {isa = PBXBuildFile; fileRef = C00FADC220BD5B09006874FF /* ItemCategoryCollection.swift */; };
		C00FADC520BD7612006874FF /* AddItemTFExtension.swift in Sources */ = {isa = PBXBuildFile; fileRef = C00FADC420BD7612006874FF /* AddItemTFExtension.swift */; };
		C00FADC720BD8BB6006874FF /* MainControllerHandlers.swift in Sources */ = {isa = PBXBuildFile; fileRef = C00FADC620BD8BB6006874FF /* MainControllerHandlers.swift */; };
		C025DB1920BEBA05009E321D /* DiscountCell.swift in Sources */ = {isa = PBXBuildFile; fileRef = C025DB1820BEBA05009E321D /* DiscountCell.swift */; };
		C025DB1B20BEBA8F009E321D /* DiscountCollectionExtension.swift in Sources */ = {isa = PBXBuildFile; fileRef = C025DB1A20BEBA8F009E321D /* DiscountCollectionExtension.swift */; };
		C025DB1D20BEBAF7009E321D /* Discount.swift in Sources */ = {isa = PBXBuildFile; fileRef = C025DB1C20BEBAF7009E321D /* Discount.swift */; };
		C025DB1F20BF30A9009E321D /* OrderHistoryCell.swift in Sources */ = {isa = PBXBuildFile; fileRef = C025DB1E20BF30A9009E321D /* OrderHistoryCell.swift */; };
		C025DB2120BF30E7009E321D /* TransactionTableExtension.swift in Sources */ = {isa = PBXBuildFile; fileRef = C025DB2020BF30E7009E321D /* TransactionTableExtension.swift */; };
		C025DB2320BF31E2009E321D /* Order.swift in Sources */ = {isa = PBXBuildFile; fileRef = C025DB2220BF31E2009E321D /* Order.swift */; };
		C03242B920BB4CD200F579F8 /* NotificationExtension.swift in Sources */ = {isa = PBXBuildFile; fileRef = C03242B820BB4CD200F579F8 /* NotificationExtension.swift */; };
		C076DE6420B48FAB006EC3C2 /* AppDelegate.swift in Sources */ = {isa = PBXBuildFile; fileRef = C076DE6320B48FAB006EC3C2 /* AppDelegate.swift */; };
		C076DE6920B48FAB006EC3C2 /* Main.storyboard in Resources */ = {isa = PBXBuildFile; fileRef = C076DE6720B48FAB006EC3C2 /* Main.storyboard */; };
		C076DE6C20B48FAB006EC3C2 /* nPOS.xcdatamodeld in Sources */ = {isa = PBXBuildFile; fileRef = C076DE6A20B48FAB006EC3C2 /* nPOS.xcdatamodeld */; };
		C076DE6E20B48FAD006EC3C2 /* Assets.xcassets in Resources */ = {isa = PBXBuildFile; fileRef = C076DE6D20B48FAD006EC3C2 /* Assets.xcassets */; };
		C076DE7120B48FAD006EC3C2 /* LaunchScreen.storyboard in Resources */ = {isa = PBXBuildFile; fileRef = C076DE6F20B48FAD006EC3C2 /* LaunchScreen.storyboard */; };
		C076DE7C20B48FAD006EC3C2 /* nPOSTests.swift in Sources */ = {isa = PBXBuildFile; fileRef = C076DE7B20B48FAD006EC3C2 /* nPOSTests.swift */; };
		C076DE8720B48FAD006EC3C2 /* nPOSUITests.swift in Sources */ = {isa = PBXBuildFile; fileRef = C076DE8620B48FAD006EC3C2 /* nPOSUITests.swift */; };
		C076DE9620B4905A006EC3C2 /* User.swift in Sources */ = {isa = PBXBuildFile; fileRef = C076DE9520B4905A006EC3C2 /* User.swift */; };
		C076DE9920B49170006EC3C2 /* LoginController.swift in Sources */ = {isa = PBXBuildFile; fileRef = C076DE9820B49170006EC3C2 /* LoginController.swift */; };
		C076DE9B20B491A8006EC3C2 /* LoginControllerHandlers.swift in Sources */ = {isa = PBXBuildFile; fileRef = C076DE9A20B491A8006EC3C2 /* LoginControllerHandlers.swift */; };
		C076DE9D20B491CE006EC3C2 /* AlertExtension.swift in Sources */ = {isa = PBXBuildFile; fileRef = C076DE9C20B491CE006EC3C2 /* AlertExtension.swift */; };
		C076DEA420B49386006EC3C2 /* MainVC.swift in Sources */ = {isa = PBXBuildFile; fileRef = C076DEA320B49386006EC3C2 /* MainVC.swift */; };
		C076DEA620B493EE006EC3C2 /* ImageCacheExtensions.swift in Sources */ = {isa = PBXBuildFile; fileRef = C076DEA520B493EE006EC3C2 /* ImageCacheExtensions.swift */; };
		C076DEA820B49785006EC3C2 /* GoogleService-Info.plist in Resources */ = {isa = PBXBuildFile; fileRef = C076DEA720B49785006EC3C2 /* GoogleService-Info.plist */; };
		C076DEAC20B4A964006EC3C2 /* MainTableExtension.swift in Sources */ = {isa = PBXBuildFile; fileRef = C076DEAB20B4A964006EC3C2 /* MainTableExtension.swift */; };
		C076DEAE20B4B765006EC3C2 /* CartCell.swift in Sources */ = {isa = PBXBuildFile; fileRef = C076DEAD20B4B765006EC3C2 /* CartCell.swift */; };
		C076DEB020B4B7B7006EC3C2 /* Item.swift in Sources */ = {isa = PBXBuildFile; fileRef = C076DEAF20B4B7B7006EC3C2 /* Item.swift */; };
		C076DEB220B4BBAC006EC3C2 /* ItemCell.swift in Sources */ = {isa = PBXBuildFile; fileRef = C076DEB120B4BBAC006EC3C2 /* ItemCell.swift */; };
		C076DEB620B4BC10006EC3C2 /* MainCollectionExtension.swift in Sources */ = {isa = PBXBuildFile; fileRef = C076DEB520B4BC10006EC3C2 /* MainCollectionExtension.swift */; };
		C07D1C5020B5B55600FA3F0C /* Category.swift in Sources */ = {isa = PBXBuildFile; fileRef = C07D1C4F20B5B55600FA3F0C /* Category.swift */; };
		C07D1C5220B5FED600FA3F0C /* MenuCell.swift in Sources */ = {isa = PBXBuildFile; fileRef = C07D1C5120B5FED600FA3F0C /* MenuCell.swift */; };
		C07D1C5420B6A14800FA3F0C /* MenuModel.swift in Sources */ = {isa = PBXBuildFile; fileRef = C07D1C5320B6A14800FA3F0C /* MenuModel.swift */; };
		C07D1C5620B6A2D100FA3F0C /* FindItemVC.swift in Sources */ = {isa = PBXBuildFile; fileRef = C07D1C5520B6A2D100FA3F0C /* FindItemVC.swift */; };
		C07D1C5820B6A2F600FA3F0C /* TransactionsVC.swift in Sources */ = {isa = PBXBuildFile; fileRef = C07D1C5720B6A2F600FA3F0C /* TransactionsVC.swift */; };
		C07D1C5B20B6A31F00FA3F0C /* GiftCardVC.swift in Sources */ = {isa = PBXBuildFile; fileRef = C07D1C5A20B6A31F00FA3F0C /* GiftCardVC.swift */; };
		C07D1C5D20B6A34500FA3F0C /* CashDrawerVC.swift in Sources */ = {isa = PBXBuildFile; fileRef = C07D1C5C20B6A34500FA3F0C /* CashDrawerVC.swift */; };
		C07D1C5F20B6A38B00FA3F0C /* SupportVC.swift in Sources */ = {isa = PBXBuildFile; fileRef = C07D1C5E20B6A38B00FA3F0C /* SupportVC.swift */; };
		C07D1C6120B6A3BD00FA3F0C /* TableVC.swift in Sources */ = {isa = PBXBuildFile; fileRef = C07D1C6020B6A3BD00FA3F0C /* TableVC.swift */; };
		C07D1C6320B6A3D500FA3F0C /* DiscountVC.swift in Sources */ = {isa = PBXBuildFile; fileRef = C07D1C6220B6A3D500FA3F0C /* DiscountVC.swift */; };
		C0827A6C20B6F1B500BA32C5 /* GiftCardCell.swift in Sources */ = {isa = PBXBuildFile; fileRef = C0827A6B20B6F1B500BA32C5 /* GiftCardCell.swift */; };
		C0827A6E20B6F1CB00BA32C5 /* GiftCardCollection.swift in Sources */ = {isa = PBXBuildFile; fileRef = C0827A6D20B6F1CB00BA32C5 /* GiftCardCollection.swift */; };
		C0827A7220B8063700BA32C5 /* TableCell.swift in Sources */ = {isa = PBXBuildFile; fileRef = C0827A7120B8063700BA32C5 /* TableCell.swift */; };
		C0827A7420B8066500BA32C5 /* TableCollectionExtension.swift in Sources */ = {isa = PBXBuildFile; fileRef = C0827A7320B8066500BA32C5 /* TableCollectionExtension.swift */; };
		C0827A7620B8067E00BA32C5 /* Tabel.swift in Sources */ = {isa = PBXBuildFile; fileRef = C0827A7520B8067D00BA32C5 /* Tabel.swift */; };
		C0AF7A3320B59D6800CB77D2 /* CategoryCell.swift in Sources */ = {isa = PBXBuildFile; fileRef = C0AF7A3220B59D6800CB77D2 /* CategoryCell.swift */; };
		C0E2F06120BBEC8500DB88A8 /* AddTableExtension.swift in Sources */ = {isa = PBXBuildFile; fileRef = C0E2F06020BBEC8500DB88A8 /* AddTableExtension.swift */; };
		C0E2F06320BBF12000DB88A8 /* IdTextFieldExtension.swift in Sources */ = {isa = PBXBuildFile; fileRef = C0E2F06220BBF12000DB88A8 /* IdTextFieldExtension.swift */; };
		C0ED81DC20B82AB3002C5E6D /* SelectColorVC.swift in Sources */ = {isa = PBXBuildFile; fileRef = C0ED81DB20B82AB3002C5E6D /* SelectColorVC.swift */; };
		C0ED81DE20B82E6A002C5E6D /* SelectColorPickerExtension.swift in Sources */ = {isa = PBXBuildFile; fileRef = C0ED81DD20B82E6A002C5E6D /* SelectColorPickerExtension.swift */; };
		C0ED81E020B82F90002C5E6D /* Color.swift in Sources */ = {isa = PBXBuildFile; fileRef = C0ED81DF20B82F90002C5E6D /* Color.swift */; };
/* End PBXBuildFile section */

/* Begin PBXContainerItemProxy section */
		C076DE7820B48FAD006EC3C2 /* PBXContainerItemProxy */ = {
			isa = PBXContainerItemProxy;
			containerPortal = C076DE5820B48FAB006EC3C2 /* Project object */;
			proxyType = 1;
			remoteGlobalIDString = C076DE5F20B48FAB006EC3C2;
			remoteInfo = nPOS;
		};
		C076DE8320B48FAD006EC3C2 /* PBXContainerItemProxy */ = {
			isa = PBXContainerItemProxy;
			containerPortal = C076DE5820B48FAB006EC3C2 /* Project object */;
			proxyType = 1;
			remoteGlobalIDString = C076DE5F20B48FAB006EC3C2;
			remoteInfo = nPOS;
		};
/* End PBXContainerItemProxy section */

/* Begin PBXFileReference section */
		0025178C52A0169280EEF968 /* Pods_nPOS.framework */ = {isa = PBXFileReference; explicitFileType = wrapper.framework; includeInIndex = 0; path = Pods_nPOS.framework; sourceTree = BUILT_PRODUCTS_DIR; };
		0F599B90D27B34CA128822CD /* Pods-nPOS.debug.xcconfig */ = {isa = PBXFileReference; includeInIndex = 1; lastKnownFileType = text.xcconfig; name = "Pods-nPOS.debug.xcconfig"; path = "Pods/Target Support Files/Pods-nPOS/Pods-nPOS.debug.xcconfig"; sourceTree = "<group>"; };
		83F055317DF6BC2E13EB12A0 /* Pods-nPOS.release.xcconfig */ = {isa = PBXFileReference; includeInIndex = 1; lastKnownFileType = text.xcconfig; name = "Pods-nPOS.release.xcconfig"; path = "Pods/Target Support Files/Pods-nPOS/Pods-nPOS.release.xcconfig"; sourceTree = "<group>"; };
		C00FADB420BC4405006874FF /* PayVC.swift */ = {isa = PBXFileReference; lastKnownFileType = sourcecode.swift; path = PayVC.swift; sourceTree = "<group>"; };
		C00FADB620BC906A006874FF /* AddGiftCardExtension.swift */ = {isa = PBXFileReference; lastKnownFileType = sourcecode.swift; path = AddGiftCardExtension.swift; sourceTree = "<group>"; };
		C00FADB820BC92C4006874FF /* AmountGiftCardTFExtension.swift */ = {isa = PBXFileReference; lastKnownFileType = sourcecode.swift; path = AmountGiftCardTFExtension.swift; sourceTree = "<group>"; };
		C00FADBA20BCA10D006874FF /* TotalCalculationExtension.swift */ = {isa = PBXFileReference; lastKnownFileType = sourcecode.swift; path = TotalCalculationExtension.swift; sourceTree = "<group>"; };
		C00FADBC20BD51F8006874FF /* NewItemVC.swift */ = {isa = PBXFileReference; lastKnownFileType = sourcecode.swift; path = NewItemVC.swift; sourceTree = "<group>"; };
		C00FADBE20BD5A76006874FF /* ItemCategoryCell.swift */ = {isa = PBXFileReference; lastKnownFileType = sourcecode.swift; path = ItemCategoryCell.swift; sourceTree = "<group>"; };
		C00FADC220BD5B09006874FF /* ItemCategoryCollection.swift */ = {isa = PBXFileReference; lastKnownFileType = sourcecode.swift; path = ItemCategoryCollection.swift; sourceTree = "<group>"; };
		C00FADC420BD7612006874FF /* AddItemTFExtension.swift */ = {isa = PBXFileReference; lastKnownFileType = sourcecode.swift; path = AddItemTFExtension.swift; sourceTree = "<group>"; };
		C00FADC620BD8BB6006874FF /* MainControllerHandlers.swift */ = {isa = PBXFileReference; lastKnownFileType = sourcecode.swift; path = MainControllerHandlers.swift; sourceTree = "<group>"; };
		C025DB1820BEBA05009E321D /* DiscountCell.swift */ = {isa = PBXFileReference; lastKnownFileType = sourcecode.swift; path = DiscountCell.swift; sourceTree = "<group>"; };
		C025DB1A20BEBA8F009E321D /* DiscountCollectionExtension.swift */ = {isa = PBXFileReference; lastKnownFileType = sourcecode.swift; path = DiscountCollectionExtension.swift; sourceTree = "<group>"; };
		C025DB1C20BEBAF7009E321D /* Discount.swift */ = {isa = PBXFileReference; lastKnownFileType = sourcecode.swift; path = Discount.swift; sourceTree = "<group>"; };
		C025DB1E20BF30A9009E321D /* OrderHistoryCell.swift */ = {isa = PBXFileReference; lastKnownFileType = sourcecode.swift; path = OrderHistoryCell.swift; sourceTree = "<group>"; };
		C025DB2020BF30E7009E321D /* TransactionTableExtension.swift */ = {isa = PBXFileReference; lastKnownFileType = sourcecode.swift; path = TransactionTableExtension.swift; sourceTree = "<group>"; };
		C025DB2220BF31E2009E321D /* Order.swift */ = {isa = PBXFileReference; lastKnownFileType = sourcecode.swift; path = Order.swift; sourceTree = "<group>"; };
		C03242B820BB4CD200F579F8 /* NotificationExtension.swift */ = {isa = PBXFileReference; lastKnownFileType = sourcecode.swift; path = NotificationExtension.swift; sourceTree = "<group>"; };
		C076DE6020B48FAB006EC3C2 /* nPOS.app */ = {isa = PBXFileReference; explicitFileType = wrapper.application; includeInIndex = 0; path = nPOS.app; sourceTree = BUILT_PRODUCTS_DIR; };
		C076DE6320B48FAB006EC3C2 /* AppDelegate.swift */ = {isa = PBXFileReference; lastKnownFileType = sourcecode.swift; path = AppDelegate.swift; sourceTree = "<group>"; };
		C076DE6820B48FAB006EC3C2 /* Base */ = {isa = PBXFileReference; lastKnownFileType = file.storyboard; name = Base; path = Base.lproj/Main.storyboard; sourceTree = "<group>"; };
		C076DE6B20B48FAB006EC3C2 /* nPOS.xcdatamodel */ = {isa = PBXFileReference; lastKnownFileType = wrapper.xcdatamodel; path = nPOS.xcdatamodel; sourceTree = "<group>"; };
		C076DE6D20B48FAD006EC3C2 /* Assets.xcassets */ = {isa = PBXFileReference; lastKnownFileType = folder.assetcatalog; path = Assets.xcassets; sourceTree = "<group>"; };
		C076DE7020B48FAD006EC3C2 /* Base */ = {isa = PBXFileReference; lastKnownFileType = file.storyboard; name = Base; path = Base.lproj/LaunchScreen.storyboard; sourceTree = "<group>"; };
		C076DE7220B48FAD006EC3C2 /* Info.plist */ = {isa = PBXFileReference; lastKnownFileType = text.plist.xml; path = Info.plist; sourceTree = "<group>"; };
		C076DE7720B48FAD006EC3C2 /* nPOSTests.xctest */ = {isa = PBXFileReference; explicitFileType = wrapper.cfbundle; includeInIndex = 0; path = nPOSTests.xctest; sourceTree = BUILT_PRODUCTS_DIR; };
		C076DE7B20B48FAD006EC3C2 /* nPOSTests.swift */ = {isa = PBXFileReference; lastKnownFileType = sourcecode.swift; path = nPOSTests.swift; sourceTree = "<group>"; };
		C076DE7D20B48FAD006EC3C2 /* Info.plist */ = {isa = PBXFileReference; lastKnownFileType = text.plist.xml; path = Info.plist; sourceTree = "<group>"; };
		C076DE8220B48FAD006EC3C2 /* nPOSUITests.xctest */ = {isa = PBXFileReference; explicitFileType = wrapper.cfbundle; includeInIndex = 0; path = nPOSUITests.xctest; sourceTree = BUILT_PRODUCTS_DIR; };
		C076DE8620B48FAD006EC3C2 /* nPOSUITests.swift */ = {isa = PBXFileReference; lastKnownFileType = sourcecode.swift; path = nPOSUITests.swift; sourceTree = "<group>"; };
		C076DE8820B48FAD006EC3C2 /* Info.plist */ = {isa = PBXFileReference; lastKnownFileType = text.plist.xml; path = Info.plist; sourceTree = "<group>"; };
		C076DE9520B4905A006EC3C2 /* User.swift */ = {isa = PBXFileReference; fileEncoding = 4; lastKnownFileType = sourcecode.swift; path = User.swift; sourceTree = "<group>"; };
		C076DE9820B49170006EC3C2 /* LoginController.swift */ = {isa = PBXFileReference; lastKnownFileType = sourcecode.swift; path = LoginController.swift; sourceTree = "<group>"; };
		C076DE9A20B491A8006EC3C2 /* LoginControllerHandlers.swift */ = {isa = PBXFileReference; fileEncoding = 4; lastKnownFileType = sourcecode.swift; path = LoginControllerHandlers.swift; sourceTree = "<group>"; };
		C076DE9C20B491CE006EC3C2 /* AlertExtension.swift */ = {isa = PBXFileReference; fileEncoding = 4; lastKnownFileType = sourcecode.swift; path = AlertExtension.swift; sourceTree = "<group>"; };
		C076DEA320B49386006EC3C2 /* MainVC.swift */ = {isa = PBXFileReference; lastKnownFileType = sourcecode.swift; path = MainVC.swift; sourceTree = "<group>"; };
		C076DEA520B493EE006EC3C2 /* ImageCacheExtensions.swift */ = {isa = PBXFileReference; fileEncoding = 4; lastKnownFileType = sourcecode.swift; path = ImageCacheExtensions.swift; sourceTree = "<group>"; };
		C076DEA720B49785006EC3C2 /* GoogleService-Info.plist */ = {isa = PBXFileReference; fileEncoding = 4; lastKnownFileType = text.plist.xml; path = "GoogleService-Info.plist"; sourceTree = "<group>"; };
		C076DEAB20B4A964006EC3C2 /* MainTableExtension.swift */ = {isa = PBXFileReference; lastKnownFileType = sourcecode.swift; path = MainTableExtension.swift; sourceTree = "<group>"; };
		C076DEAD20B4B765006EC3C2 /* CartCell.swift */ = {isa = PBXFileReference; lastKnownFileType = sourcecode.swift; path = CartCell.swift; sourceTree = "<group>"; };
		C076DEAF20B4B7B7006EC3C2 /* Item.swift */ = {isa = PBXFileReference; lastKnownFileType = sourcecode.swift; path = Item.swift; sourceTree = "<group>"; };
		C076DEB120B4BBAC006EC3C2 /* ItemCell.swift */ = {isa = PBXFileReference; lastKnownFileType = sourcecode.swift; path = ItemCell.swift; sourceTree = "<group>"; };
		C076DEB520B4BC10006EC3C2 /* MainCollectionExtension.swift */ = {isa = PBXFileReference; lastKnownFileType = sourcecode.swift; path = MainCollectionExtension.swift; sourceTree = "<group>"; };
		C07D1C4F20B5B55600FA3F0C /* Category.swift */ = {isa = PBXFileReference; lastKnownFileType = sourcecode.swift; path = Category.swift; sourceTree = "<group>"; };
		C07D1C5120B5FED600FA3F0C /* MenuCell.swift */ = {isa = PBXFileReference; lastKnownFileType = sourcecode.swift; path = MenuCell.swift; sourceTree = "<group>"; };
		C07D1C5320B6A14800FA3F0C /* MenuModel.swift */ = {isa = PBXFileReference; lastKnownFileType = sourcecode.swift; path = MenuModel.swift; sourceTree = "<group>"; };
		C07D1C5520B6A2D100FA3F0C /* FindItemVC.swift */ = {isa = PBXFileReference; lastKnownFileType = sourcecode.swift; path = FindItemVC.swift; sourceTree = "<group>"; };
		C07D1C5720B6A2F600FA3F0C /* TransactionsVC.swift */ = {isa = PBXFileReference; lastKnownFileType = sourcecode.swift; path = TransactionsVC.swift; sourceTree = "<group>"; };
		C07D1C5A20B6A31F00FA3F0C /* GiftCardVC.swift */ = {isa = PBXFileReference; lastKnownFileType = sourcecode.swift; path = GiftCardVC.swift; sourceTree = "<group>"; };
		C07D1C5C20B6A34500FA3F0C /* CashDrawerVC.swift */ = {isa = PBXFileReference; lastKnownFileType = sourcecode.swift; path = CashDrawerVC.swift; sourceTree = "<group>"; };
		C07D1C5E20B6A38B00FA3F0C /* SupportVC.swift */ = {isa = PBXFileReference; lastKnownFileType = sourcecode.swift; path = SupportVC.swift; sourceTree = "<group>"; };
		C07D1C6020B6A3BD00FA3F0C /* TableVC.swift */ = {isa = PBXFileReference; lastKnownFileType = sourcecode.swift; path = TableVC.swift; sourceTree = "<group>"; };
		C07D1C6220B6A3D500FA3F0C /* DiscountVC.swift */ = {isa = PBXFileReference; lastKnownFileType = sourcecode.swift; path = DiscountVC.swift; sourceTree = "<group>"; };
		C0827A6B20B6F1B500BA32C5 /* GiftCardCell.swift */ = {isa = PBXFileReference; lastKnownFileType = sourcecode.swift; path = GiftCardCell.swift; sourceTree = "<group>"; };
		C0827A6D20B6F1CB00BA32C5 /* GiftCardCollection.swift */ = {isa = PBXFileReference; lastKnownFileType = sourcecode.swift; path = GiftCardCollection.swift; sourceTree = "<group>"; };
		C0827A7120B8063700BA32C5 /* TableCell.swift */ = {isa = PBXFileReference; lastKnownFileType = sourcecode.swift; path = TableCell.swift; sourceTree = "<group>"; };
		C0827A7320B8066500BA32C5 /* TableCollectionExtension.swift */ = {isa = PBXFileReference; lastKnownFileType = sourcecode.swift; path = TableCollectionExtension.swift; sourceTree = "<group>"; };
		C0827A7520B8067D00BA32C5 /* Tabel.swift */ = {isa = PBXFileReference; lastKnownFileType = sourcecode.swift; path = Tabel.swift; sourceTree = "<group>"; };
		C0AF7A3220B59D6800CB77D2 /* CategoryCell.swift */ = {isa = PBXFileReference; lastKnownFileType = sourcecode.swift; path = CategoryCell.swift; sourceTree = "<group>"; };
		C0E2F06020BBEC8500DB88A8 /* AddTableExtension.swift */ = {isa = PBXFileReference; lastKnownFileType = sourcecode.swift; path = AddTableExtension.swift; sourceTree = "<group>"; };
		C0E2F06220BBF12000DB88A8 /* IdTextFieldExtension.swift */ = {isa = PBXFileReference; lastKnownFileType = sourcecode.swift; path = IdTextFieldExtension.swift; sourceTree = "<group>"; };
		C0ED81DB20B82AB3002C5E6D /* SelectColorVC.swift */ = {isa = PBXFileReference; lastKnownFileType = sourcecode.swift; path = SelectColorVC.swift; sourceTree = "<group>"; };
		C0ED81DD20B82E6A002C5E6D /* SelectColorPickerExtension.swift */ = {isa = PBXFileReference; lastKnownFileType = sourcecode.swift; path = SelectColorPickerExtension.swift; sourceTree = "<group>"; };
		C0ED81DF20B82F90002C5E6D /* Color.swift */ = {isa = PBXFileReference; lastKnownFileType = sourcecode.swift; path = Color.swift; sourceTree = "<group>"; };
/* End PBXFileReference section */

/* Begin PBXFrameworksBuildPhase section */
		C076DE5D20B48FAB006EC3C2 /* Frameworks */ = {
			isa = PBXFrameworksBuildPhase;
			buildActionMask = 2147483647;
			files = (
				4B1229681BB359A99686D05A /* Pods_nPOS.framework in Frameworks */,
			);
			runOnlyForDeploymentPostprocessing = 0;
		};
		C076DE7420B48FAD006EC3C2 /* Frameworks */ = {
			isa = PBXFrameworksBuildPhase;
			buildActionMask = 2147483647;
			files = (
			);
			runOnlyForDeploymentPostprocessing = 0;
		};
		C076DE7F20B48FAD006EC3C2 /* Frameworks */ = {
			isa = PBXFrameworksBuildPhase;
			buildActionMask = 2147483647;
			files = (
			);
			runOnlyForDeploymentPostprocessing = 0;
		};
/* End PBXFrameworksBuildPhase section */

/* Begin PBXGroup section */
		2EF0EFCFA3C3A7D1C3FA152E /* Frameworks */ = {
			isa = PBXGroup;
			children = (
				0025178C52A0169280EEF968 /* Pods_nPOS.framework */,
			);
			name = Frameworks;
			sourceTree = "<group>";
		};
		68082A5B0296E7D7493A7F0A /* Pods */ = {
			isa = PBXGroup;
			children = (
				0F599B90D27B34CA128822CD /* Pods-nPOS.debug.xcconfig */,
				83F055317DF6BC2E13EB12A0 /* Pods-nPOS.release.xcconfig */,
			);
			name = Pods;
			sourceTree = "<group>";
		};
		C076DE5720B48FAB006EC3C2 = {
			isa = PBXGroup;
			children = (
				C076DE6220B48FAB006EC3C2 /* nPOS */,
				C076DE7A20B48FAD006EC3C2 /* nPOSTests */,
				C076DE8520B48FAD006EC3C2 /* nPOSUITests */,
				C076DE6120B48FAB006EC3C2 /* Products */,
				68082A5B0296E7D7493A7F0A /* Pods */,
				2EF0EFCFA3C3A7D1C3FA152E /* Frameworks */,
			);
			sourceTree = "<group>";
		};
		C076DE6120B48FAB006EC3C2 /* Products */ = {
			isa = PBXGroup;
			children = (
				C076DE6020B48FAB006EC3C2 /* nPOS.app */,
				C076DE7720B48FAD006EC3C2 /* nPOSTests.xctest */,
				C076DE8220B48FAD006EC3C2 /* nPOSUITests.xctest */,
			);
			name = Products;
			sourceTree = "<group>";
		};
		C076DE6220B48FAB006EC3C2 /* nPOS */ = {
			isa = PBXGroup;
			children = (
				C076DE6320B48FAB006EC3C2 /* AppDelegate.swift */,
				C076DE9E20B491D5006EC3C2 /* Extensions */,
				C076DE9720B49060006EC3C2 /* Models */,
				C076DE9420B4904D006EC3C2 /* Controllers */,
				C076DE6720B48FAB006EC3C2 /* Main.storyboard */,
				C076DE6D20B48FAD006EC3C2 /* Assets.xcassets */,
				C076DE6F20B48FAD006EC3C2 /* LaunchScreen.storyboard */,
				C076DE7220B48FAD006EC3C2 /* Info.plist */,
				C076DEA720B49785006EC3C2 /* GoogleService-Info.plist */,
				C076DE6A20B48FAB006EC3C2 /* nPOS.xcdatamodeld */,
			);
			path = nPOS;
			sourceTree = "<group>";
		};
		C076DE7A20B48FAD006EC3C2 /* nPOSTests */ = {
			isa = PBXGroup;
			children = (
				C076DE7B20B48FAD006EC3C2 /* nPOSTests.swift */,
				C076DE7D20B48FAD006EC3C2 /* Info.plist */,
			);
			path = nPOSTests;
			sourceTree = "<group>";
		};
		C076DE8520B48FAD006EC3C2 /* nPOSUITests */ = {
			isa = PBXGroup;
			children = (
				C076DE8620B48FAD006EC3C2 /* nPOSUITests.swift */,
				C076DE8820B48FAD006EC3C2 /* Info.plist */,
			);
			path = nPOSUITests;
			sourceTree = "<group>";
		};
		C076DE9420B4904D006EC3C2 /* Controllers */ = {
			isa = PBXGroup;
			children = (
				C076DE9820B49170006EC3C2 /* LoginController.swift */,
				C00FADB420BC4405006874FF /* PayVC.swift */,
				C076DEA320B49386006EC3C2 /* MainVC.swift */,
				C00FADBC20BD51F8006874FF /* NewItemVC.swift */,
				C07D1C6020B6A3BD00FA3F0C /* TableVC.swift */,
				C0ED81DB20B82AB3002C5E6D /* SelectColorVC.swift */,
				C07D1C6220B6A3D500FA3F0C /* DiscountVC.swift */,
				C07D1C5520B6A2D100FA3F0C /* FindItemVC.swift */,
				C07D1C5720B6A2F600FA3F0C /* TransactionsVC.swift */,
				C07D1C5A20B6A31F00FA3F0C /* GiftCardVC.swift */,
				C07D1C5C20B6A34500FA3F0C /* CashDrawerVC.swift */,
				C07D1C5E20B6A38B00FA3F0C /* SupportVC.swift */,
			);
			path = Controllers;
			sourceTree = "<group>";
		};
		C076DE9720B49060006EC3C2 /* Models */ = {
			isa = PBXGroup;
			children = (
				C076DE9520B4905A006EC3C2 /* User.swift */,
				C0ED81DF20B82F90002C5E6D /* Color.swift */,
				C0827A7520B8067D00BA32C5 /* Tabel.swift */,
				C076DEAF20B4B7B7006EC3C2 /* Item.swift */,
				C025DB2220BF31E2009E321D /* Order.swift */,
				C025DB1C20BEBAF7009E321D /* Discount.swift */,
				C07D1C5320B6A14800FA3F0C /* MenuModel.swift */,
				C07D1C4F20B5B55600FA3F0C /* Category.swift */,
			);
			path = Models;
			sourceTree = "<group>";
		};
		C076DE9E20B491D5006EC3C2 /* Extensions */ = {
			isa = PBXGroup;
			children = (
				C076DE9C20B491CE006EC3C2 /* AlertExtension.swift */,
				C03242B820BB4CD200F579F8 /* NotificationExtension.swift */,
				C076DEA520B493EE006EC3C2 /* ImageCacheExtensions.swift */,
				C076DE9A20B491A8006EC3C2 /* LoginControllerHandlers.swift */,
				C00FADC620BD8BB6006874FF /* MainControllerHandlers.swift */,
				C0E2F06020BBEC8500DB88A8 /* AddTableExtension.swift */,
				C00FADB620BC906A006874FF /* AddGiftCardExtension.swift */,
				C0E2F06220BBF12000DB88A8 /* IdTextFieldExtension.swift */,
				C00FADC420BD7612006874FF /* AddItemTFExtension.swift */,
				C00FADB820BC92C4006874FF /* AmountGiftCardTFExtension.swift */,
				C00FADBA20BCA10D006874FF /* TotalCalculationExtension.swift */,
				C0ED81E120B83050002C5E6D /* Pickers */,
				C0827A6920B6C87A00BA32C5 /* Tables */,
				C0827A6A20B6C88C00BA32C5 /* Collections */,
			);
			path = Extensions;
			sourceTree = "<group>";
		};
		C0827A6720B6C85300BA32C5 /* CollectionCells */ = {
			isa = PBXGroup;
			children = (
				C076DEB120B4BBAC006EC3C2 /* ItemCell.swift */,
				C025DB1820BEBA05009E321D /* DiscountCell.swift */,
				C0AF7A3220B59D6800CB77D2 /* CategoryCell.swift */,
				C00FADBE20BD5A76006874FF /* ItemCategoryCell.swift */,
				C07D1C5120B5FED600FA3F0C /* MenuCell.swift */,
				C0827A6B20B6F1B500BA32C5 /* GiftCardCell.swift */,
				C0827A7120B8063700BA32C5 /* TableCell.swift */,
			);
			path = CollectionCells;
			sourceTree = "<group>";
		};
		C0827A6820B6C86A00BA32C5 /* TableCells */ = {
			isa = PBXGroup;
			children = (
				C076DEAD20B4B765006EC3C2 /* CartCell.swift */,
				C025DB1E20BF30A9009E321D /* OrderHistoryCell.swift */,
			);
			path = TableCells;
			sourceTree = "<group>";
		};
		C0827A6920B6C87A00BA32C5 /* Tables */ = {
			isa = PBXGroup;
			children = (
				C076DEAB20B4A964006EC3C2 /* MainTableExtension.swift */,
				C025DB2020BF30E7009E321D /* TransactionTableExtension.swift */,
				C0827A6820B6C86A00BA32C5 /* TableCells */,
			);
			path = Tables;
			sourceTree = "<group>";
		};
		C0827A6A20B6C88C00BA32C5 /* Collections */ = {
			isa = PBXGroup;
			children = (
				C076DEB520B4BC10006EC3C2 /* MainCollectionExtension.swift */,
				C0827A6D20B6F1CB00BA32C5 /* GiftCardCollection.swift */,
				C0827A7320B8066500BA32C5 /* TableCollectionExtension.swift */,
				C00FADC220BD5B09006874FF /* ItemCategoryCollection.swift */,
				C025DB1A20BEBA8F009E321D /* DiscountCollectionExtension.swift */,
				C0827A6720B6C85300BA32C5 /* CollectionCells */,
			);
			path = Collections;
			sourceTree = "<group>";
		};
		C0ED81E120B83050002C5E6D /* Pickers */ = {
			isa = PBXGroup;
			children = (
				C0ED81DD20B82E6A002C5E6D /* SelectColorPickerExtension.swift */,
			);
			path = Pickers;
			sourceTree = "<group>";
		};
/* End PBXGroup section */

/* Begin PBXNativeTarget section */
		C076DE5F20B48FAB006EC3C2 /* nPOS */ = {
			isa = PBXNativeTarget;
			buildConfigurationList = C076DE8B20B48FAD006EC3C2 /* Build configuration list for PBXNativeTarget "nPOS" */;
			buildPhases = (
				DEC2843F93EBDB9B889C1315 /* [CP] Check Pods Manifest.lock */,
				C076DE5C20B48FAB006EC3C2 /* Sources */,
				C076DE5D20B48FAB006EC3C2 /* Frameworks */,
				C076DE5E20B48FAB006EC3C2 /* Resources */,
				77A8CDAC845F5C44AF53742D /* [CP] Embed Pods Frameworks */,
			);
			buildRules = (
			);
			dependencies = (
			);
			name = nPOS;
			productName = nPOS;
			productReference = C076DE6020B48FAB006EC3C2 /* nPOS.app */;
			productType = "com.apple.product-type.application";
		};
		C076DE7620B48FAD006EC3C2 /* nPOSTests */ = {
			isa = PBXNativeTarget;
			buildConfigurationList = C076DE8E20B48FAD006EC3C2 /* Build configuration list for PBXNativeTarget "nPOSTests" */;
			buildPhases = (
				C076DE7320B48FAD006EC3C2 /* Sources */,
				C076DE7420B48FAD006EC3C2 /* Frameworks */,
				C076DE7520B48FAD006EC3C2 /* Resources */,
			);
			buildRules = (
			);
			dependencies = (
				C076DE7920B48FAD006EC3C2 /* PBXTargetDependency */,
			);
			name = nPOSTests;
			productName = nPOSTests;
			productReference = C076DE7720B48FAD006EC3C2 /* nPOSTests.xctest */;
			productType = "com.apple.product-type.bundle.unit-test";
		};
		C076DE8120B48FAD006EC3C2 /* nPOSUITests */ = {
			isa = PBXNativeTarget;
			buildConfigurationList = C076DE9120B48FAD006EC3C2 /* Build configuration list for PBXNativeTarget "nPOSUITests" */;
			buildPhases = (
				C076DE7E20B48FAD006EC3C2 /* Sources */,
				C076DE7F20B48FAD006EC3C2 /* Frameworks */,
				C076DE8020B48FAD006EC3C2 /* Resources */,
			);
			buildRules = (
			);
			dependencies = (
				C076DE8420B48FAD006EC3C2 /* PBXTargetDependency */,
			);
			name = nPOSUITests;
			productName = nPOSUITests;
			productReference = C076DE8220B48FAD006EC3C2 /* nPOSUITests.xctest */;
			productType = "com.apple.product-type.bundle.ui-testing";
		};
/* End PBXNativeTarget section */

/* Begin PBXProject section */
		C076DE5820B48FAB006EC3C2 /* Project object */ = {
			isa = PBXProject;
			attributes = {
				LastSwiftUpdateCheck = 0930;
				LastUpgradeCheck = 0930;
				ORGANIZATIONNAME = "Uladzislau Daratsiuk";
				TargetAttributes = {
					C076DE5F20B48FAB006EC3C2 = {
						CreatedOnToolsVersion = 9.3.1;
					};
					C076DE7620B48FAD006EC3C2 = {
						CreatedOnToolsVersion = 9.3.1;
						TestTargetID = C076DE5F20B48FAB006EC3C2;
					};
					C076DE8120B48FAD006EC3C2 = {
						CreatedOnToolsVersion = 9.3.1;
						TestTargetID = C076DE5F20B48FAB006EC3C2;
					};
				};
			};
			buildConfigurationList = C076DE5B20B48FAB006EC3C2 /* Build configuration list for PBXProject "nPOS" */;
			compatibilityVersion = "Xcode 9.3";
			developmentRegion = en;
			hasScannedForEncodings = 0;
			knownRegions = (
				en,
				Base,
			);
			mainGroup = C076DE5720B48FAB006EC3C2;
			productRefGroup = C076DE6120B48FAB006EC3C2 /* Products */;
			projectDirPath = "";
			projectRoot = "";
			targets = (
				C076DE5F20B48FAB006EC3C2 /* nPOS */,
				C076DE7620B48FAD006EC3C2 /* nPOSTests */,
				C076DE8120B48FAD006EC3C2 /* nPOSUITests */,
			);
		};
/* End PBXProject section */

/* Begin PBXResourcesBuildPhase section */
		C076DE5E20B48FAB006EC3C2 /* Resources */ = {
			isa = PBXResourcesBuildPhase;
			buildActionMask = 2147483647;
			files = (
				C076DE7120B48FAD006EC3C2 /* LaunchScreen.storyboard in Resources */,
				C076DE6E20B48FAD006EC3C2 /* Assets.xcassets in Resources */,
				C076DE6920B48FAB006EC3C2 /* Main.storyboard in Resources */,
				C076DEA820B49785006EC3C2 /* GoogleService-Info.plist in Resources */,
			);
			runOnlyForDeploymentPostprocessing = 0;
		};
		C076DE7520B48FAD006EC3C2 /* Resources */ = {
			isa = PBXResourcesBuildPhase;
			buildActionMask = 2147483647;
			files = (
			);
			runOnlyForDeploymentPostprocessing = 0;
		};
		C076DE8020B48FAD006EC3C2 /* Resources */ = {
			isa = PBXResourcesBuildPhase;
			buildActionMask = 2147483647;
			files = (
			);
			runOnlyForDeploymentPostprocessing = 0;
		};
/* End PBXResourcesBuildPhase section */

/* Begin PBXShellScriptBuildPhase section */
		77A8CDAC845F5C44AF53742D /* [CP] Embed Pods Frameworks */ = {
			isa = PBXShellScriptBuildPhase;
			buildActionMask = 2147483647;
			files = (
			);
			inputPaths = (
				"${SRCROOT}/Pods/Target Support Files/Pods-nPOS/Pods-nPOS-frameworks.sh",
				"${BUILT_PRODUCTS_DIR}/GTMSessionFetcher/GTMSessionFetcher.framework",
				"${BUILT_PRODUCTS_DIR}/GoogleToolboxForMac/GoogleToolboxForMac.framework",
				"${BUILT_PRODUCTS_DIR}/leveldb-library/leveldb.framework",
				"${BUILT_PRODUCTS_DIR}/nanopb/nanopb.framework",
			);
			name = "[CP] Embed Pods Frameworks";
			outputPaths = (
				"${TARGET_BUILD_DIR}/${FRAMEWORKS_FOLDER_PATH}/GTMSessionFetcher.framework",
				"${TARGET_BUILD_DIR}/${FRAMEWORKS_FOLDER_PATH}/GoogleToolboxForMac.framework",
				"${TARGET_BUILD_DIR}/${FRAMEWORKS_FOLDER_PATH}/leveldb.framework",
				"${TARGET_BUILD_DIR}/${FRAMEWORKS_FOLDER_PATH}/nanopb.framework",
			);
			runOnlyForDeploymentPostprocessing = 0;
			shellPath = /bin/sh;
			shellScript = "\"${SRCROOT}/Pods/Target Support Files/Pods-nPOS/Pods-nPOS-frameworks.sh\"\n";
			showEnvVarsInLog = 0;
		};
		DEC2843F93EBDB9B889C1315 /* [CP] Check Pods Manifest.lock */ = {
			isa = PBXShellScriptBuildPhase;
			buildActionMask = 2147483647;
			files = (
			);
			inputPaths = (
				"${PODS_PODFILE_DIR_PATH}/Podfile.lock",
				"${PODS_ROOT}/Manifest.lock",
			);
			name = "[CP] Check Pods Manifest.lock";
			outputPaths = (
				"$(DERIVED_FILE_DIR)/Pods-nPOS-checkManifestLockResult.txt",
			);
			runOnlyForDeploymentPostprocessing = 0;
			shellPath = /bin/sh;
			shellScript = "diff \"${PODS_PODFILE_DIR_PATH}/Podfile.lock\" \"${PODS_ROOT}/Manifest.lock\" > /dev/null\nif [ $? != 0 ] ; then\n    # print error to STDERR\n    echo \"error: The sandbox is not in sync with the Podfile.lock. Run 'pod install' or update your CocoaPods installation.\" >&2\n    exit 1\nfi\n# This output is used by Xcode 'outputs' to avoid re-running this script phase.\necho \"SUCCESS\" > \"${SCRIPT_OUTPUT_FILE_0}\"\n";
			showEnvVarsInLog = 0;
		};
/* End PBXShellScriptBuildPhase section */

/* Begin PBXSourcesBuildPhase section */
		C076DE5C20B48FAB006EC3C2 /* Sources */ = {
			isa = PBXSourcesBuildPhase;
			buildActionMask = 2147483647;
			files = (
				C07D1C5B20B6A31F00FA3F0C /* GiftCardVC.swift in Sources */,
				C076DEB220B4BBAC006EC3C2 /* ItemCell.swift in Sources */,
				C0E2F06120BBEC8500DB88A8 /* AddTableExtension.swift in Sources */,
				C0ED81E020B82F90002C5E6D /* Color.swift in Sources */,
				C076DE9B20B491A8006EC3C2 /* LoginControllerHandlers.swift in Sources */,
				C0827A7420B8066500BA32C5 /* TableCollectionExtension.swift in Sources */,
				C03242B920BB4CD200F579F8 /* NotificationExtension.swift in Sources */,
				C025DB1920BEBA05009E321D /* DiscountCell.swift in Sources */,
				C076DE9620B4905A006EC3C2 /* User.swift in Sources */,
				C0E2F06320BBF12000DB88A8 /* IdTextFieldExtension.swift in Sources */,
				C025DB1B20BEBA8F009E321D /* DiscountCollectionExtension.swift in Sources */,
				C0ED81DC20B82AB3002C5E6D /* SelectColorVC.swift in Sources */,
				C025DB2320BF31E2009E321D /* Order.swift in Sources */,
				C00FADBB20BCA10D006874FF /* TotalCalculationExtension.swift in Sources */,
				C0AF7A3320B59D6800CB77D2 /* CategoryCell.swift in Sources */,
				C0827A6E20B6F1CB00BA32C5 /* GiftCardCollection.swift in Sources */,
				C07D1C5620B6A2D100FA3F0C /* FindItemVC.swift in Sources */,
				C07D1C5F20B6A38B00FA3F0C /* SupportVC.swift in Sources */,
				C0ED81DE20B82E6A002C5E6D /* SelectColorPickerExtension.swift in Sources */,
				C076DE6C20B48FAB006EC3C2 /* nPOS.xcdatamodeld in Sources */,
				C00FADC520BD7612006874FF /* AddItemTFExtension.swift in Sources */,
				C07D1C5420B6A14800FA3F0C /* MenuModel.swift in Sources */,
				C0827A7220B8063700BA32C5 /* TableCell.swift in Sources */,
				C07D1C6120B6A3BD00FA3F0C /* TableVC.swift in Sources */,
				C00FADBD20BD51F8006874FF /* NewItemVC.swift in Sources */,
				C07D1C5820B6A2F600FA3F0C /* TransactionsVC.swift in Sources */,
				C076DEB020B4B7B7006EC3C2 /* Item.swift in Sources */,
				C076DEAE20B4B765006EC3C2 /* CartCell.swift in Sources */,
				C00FADC720BD8BB6006874FF /* MainControllerHandlers.swift in Sources */,
				C00FADC320BD5B09006874FF /* ItemCategoryCollection.swift in Sources */,
				C07D1C6320B6A3D500FA3F0C /* DiscountVC.swift in Sources */,
				C00FADB720BC906A006874FF /* AddGiftCardExtension.swift in Sources */,
				C025DB1F20BF30A9009E321D /* OrderHistoryCell.swift in Sources */,
				C076DEA620B493EE006EC3C2 /* ImageCacheExtensions.swift in Sources */,
				C0827A7620B8067E00BA32C5 /* Tabel.swift in Sources */,
				C076DE6420B48FAB006EC3C2 /* AppDelegate.swift in Sources */,
				C00FADBF20BD5A76006874FF /* ItemCategoryCell.swift in Sources */,
				C0827A6C20B6F1B500BA32C5 /* GiftCardCell.swift in Sources */,
				C076DE9920B49170006EC3C2 /* LoginController.swift in Sources */,
				C076DE9D20B491CE006EC3C2 /* AlertExtension.swift in Sources */,
				C07D1C5020B5B55600FA3F0C /* Category.swift in Sources */,
				C025DB2120BF30E7009E321D /* TransactionTableExtension.swift in Sources */,
				C076DEAC20B4A964006EC3C2 /* MainTableExtension.swift in Sources */,
				C025DB1D20BEBAF7009E321D /* Discount.swift in Sources */,
				C07D1C5D20B6A34500FA3F0C /* CashDrawerVC.swift in Sources */,
				C076DEB620B4BC10006EC3C2 /* MainCollectionExtension.swift in Sources */,
				C00FADB920BC92C4006874FF /* AmountGiftCardTFExtension.swift in Sources */,
				C00FADB520BC4405006874FF /* PayVC.swift in Sources */,
				C07D1C5220B5FED600FA3F0C /* MenuCell.swift in Sources */,
				C076DEA420B49386006EC3C2 /* MainVC.swift in Sources */,
			);
			runOnlyForDeploymentPostprocessing = 0;
		};
		C076DE7320B48FAD006EC3C2 /* Sources */ = {
			isa = PBXSourcesBuildPhase;
			buildActionMask = 2147483647;
			files = (
				C076DE7C20B48FAD006EC3C2 /* nPOSTests.swift in Sources */,
			);
			runOnlyForDeploymentPostprocessing = 0;
		};
		C076DE7E20B48FAD006EC3C2 /* Sources */ = {
			isa = PBXSourcesBuildPhase;
			buildActionMask = 2147483647;
			files = (
				C076DE8720B48FAD006EC3C2 /* nPOSUITests.swift in Sources */,
			);
			runOnlyForDeploymentPostprocessing = 0;
		};
/* End PBXSourcesBuildPhase section */

/* Begin PBXTargetDependency section */
		C076DE7920B48FAD006EC3C2 /* PBXTargetDependency */ = {
			isa = PBXTargetDependency;
			target = C076DE5F20B48FAB006EC3C2 /* nPOS */;
			targetProxy = C076DE7820B48FAD006EC3C2 /* PBXContainerItemProxy */;
		};
		C076DE8420B48FAD006EC3C2 /* PBXTargetDependency */ = {
			isa = PBXTargetDependency;
			target = C076DE5F20B48FAB006EC3C2 /* nPOS */;
			targetProxy = C076DE8320B48FAD006EC3C2 /* PBXContainerItemProxy */;
		};
/* End PBXTargetDependency section */

/* Begin PBXVariantGroup section */
		C076DE6720B48FAB006EC3C2 /* Main.storyboard */ = {
			isa = PBXVariantGroup;
			children = (
				C076DE6820B48FAB006EC3C2 /* Base */,
			);
			name = Main.storyboard;
			sourceTree = "<group>";
		};
		C076DE6F20B48FAD006EC3C2 /* LaunchScreen.storyboard */ = {
			isa = PBXVariantGroup;
			children = (
				C076DE7020B48FAD006EC3C2 /* Base */,
			);
			name = LaunchScreen.storyboard;
			sourceTree = "<group>";
		};
/* End PBXVariantGroup section */

/* Begin XCBuildConfiguration section */
		C076DE8920B48FAD006EC3C2 /* Debug */ = {
			isa = XCBuildConfiguration;
			buildSettings = {
				ALWAYS_SEARCH_USER_PATHS = NO;
				CLANG_ANALYZER_NONNULL = YES;
				CLANG_ANALYZER_NUMBER_OBJECT_CONVERSION = YES_AGGRESSIVE;
				CLANG_CXX_LANGUAGE_STANDARD = "gnu++14";
				CLANG_CXX_LIBRARY = "libc++";
				CLANG_ENABLE_MODULES = YES;
				CLANG_ENABLE_OBJC_ARC = YES;
				CLANG_ENABLE_OBJC_WEAK = YES;
				CLANG_WARN_BLOCK_CAPTURE_AUTORELEASING = YES;
				CLANG_WARN_BOOL_CONVERSION = YES;
				CLANG_WARN_COMMA = YES;
				CLANG_WARN_CONSTANT_CONVERSION = YES;
				CLANG_WARN_DEPRECATED_OBJC_IMPLEMENTATIONS = YES;
				CLANG_WARN_DIRECT_OBJC_ISA_USAGE = YES_ERROR;
				CLANG_WARN_DOCUMENTATION_COMMENTS = YES;
				CLANG_WARN_EMPTY_BODY = YES;
				CLANG_WARN_ENUM_CONVERSION = YES;
				CLANG_WARN_INFINITE_RECURSION = YES;
				CLANG_WARN_INT_CONVERSION = YES;
				CLANG_WARN_NON_LITERAL_NULL_CONVERSION = YES;
				CLANG_WARN_OBJC_IMPLICIT_RETAIN_SELF = YES;
				CLANG_WARN_OBJC_LITERAL_CONVERSION = YES;
				CLANG_WARN_OBJC_ROOT_CLASS = YES_ERROR;
				CLANG_WARN_RANGE_LOOP_ANALYSIS = YES;
				CLANG_WARN_STRICT_PROTOTYPES = YES;
				CLANG_WARN_SUSPICIOUS_MOVE = YES;
				CLANG_WARN_UNGUARDED_AVAILABILITY = YES_AGGRESSIVE;
				CLANG_WARN_UNREACHABLE_CODE = YES;
				CLANG_WARN__DUPLICATE_METHOD_MATCH = YES;
				CODE_SIGN_IDENTITY = "iPhone Developer";
				COPY_PHASE_STRIP = NO;
				DEBUG_INFORMATION_FORMAT = dwarf;
				ENABLE_STRICT_OBJC_MSGSEND = YES;
				ENABLE_TESTABILITY = YES;
				GCC_C_LANGUAGE_STANDARD = gnu11;
				GCC_DYNAMIC_NO_PIC = NO;
				GCC_NO_COMMON_BLOCKS = YES;
				GCC_OPTIMIZATION_LEVEL = 0;
				GCC_PREPROCESSOR_DEFINITIONS = (
					"DEBUG=1",
					"$(inherited)",
				);
				GCC_WARN_64_TO_32_BIT_CONVERSION = YES;
				GCC_WARN_ABOUT_RETURN_TYPE = YES_ERROR;
				GCC_WARN_UNDECLARED_SELECTOR = YES;
				GCC_WARN_UNINITIALIZED_AUTOS = YES_AGGRESSIVE;
				GCC_WARN_UNUSED_FUNCTION = YES;
				GCC_WARN_UNUSED_VARIABLE = YES;
				IPHONEOS_DEPLOYMENT_TARGET = 11.3;
				MTL_ENABLE_DEBUG_INFO = YES;
				ONLY_ACTIVE_ARCH = YES;
				SDKROOT = iphoneos;
				SWIFT_ACTIVE_COMPILATION_CONDITIONS = DEBUG;
				SWIFT_OPTIMIZATION_LEVEL = "-Onone";
			};
			name = Debug;
		};
		C076DE8A20B48FAD006EC3C2 /* Release */ = {
			isa = XCBuildConfiguration;
			buildSettings = {
				ALWAYS_SEARCH_USER_PATHS = NO;
				CLANG_ANALYZER_NONNULL = YES;
				CLANG_ANALYZER_NUMBER_OBJECT_CONVERSION = YES_AGGRESSIVE;
				CLANG_CXX_LANGUAGE_STANDARD = "gnu++14";
				CLANG_CXX_LIBRARY = "libc++";
				CLANG_ENABLE_MODULES = YES;
				CLANG_ENABLE_OBJC_ARC = YES;
				CLANG_ENABLE_OBJC_WEAK = YES;
				CLANG_WARN_BLOCK_CAPTURE_AUTORELEASING = YES;
				CLANG_WARN_BOOL_CONVERSION = YES;
				CLANG_WARN_COMMA = YES;
				CLANG_WARN_CONSTANT_CONVERSION = YES;
				CLANG_WARN_DEPRECATED_OBJC_IMPLEMENTATIONS = YES;
				CLANG_WARN_DIRECT_OBJC_ISA_USAGE = YES_ERROR;
				CLANG_WARN_DOCUMENTATION_COMMENTS = YES;
				CLANG_WARN_EMPTY_BODY = YES;
				CLANG_WARN_ENUM_CONVERSION = YES;
				CLANG_WARN_INFINITE_RECURSION = YES;
				CLANG_WARN_INT_CONVERSION = YES;
				CLANG_WARN_NON_LITERAL_NULL_CONVERSION = YES;
				CLANG_WARN_OBJC_IMPLICIT_RETAIN_SELF = YES;
				CLANG_WARN_OBJC_LITERAL_CONVERSION = YES;
				CLANG_WARN_OBJC_ROOT_CLASS = YES_ERROR;
				CLANG_WARN_RANGE_LOOP_ANALYSIS = YES;
				CLANG_WARN_STRICT_PROTOTYPES = YES;
				CLANG_WARN_SUSPICIOUS_MOVE = YES;
				CLANG_WARN_UNGUARDED_AVAILABILITY = YES_AGGRESSIVE;
				CLANG_WARN_UNREACHABLE_CODE = YES;
				CLANG_WARN__DUPLICATE_METHOD_MATCH = YES;
				CODE_SIGN_IDENTITY = "iPhone Developer";
				COPY_PHASE_STRIP = NO;
				DEBUG_INFORMATION_FORMAT = "dwarf-with-dsym";
				ENABLE_NS_ASSERTIONS = NO;
				ENABLE_STRICT_OBJC_MSGSEND = YES;
				GCC_C_LANGUAGE_STANDARD = gnu11;
				GCC_NO_COMMON_BLOCKS = YES;
				GCC_WARN_64_TO_32_BIT_CONVERSION = YES;
				GCC_WARN_ABOUT_RETURN_TYPE = YES_ERROR;
				GCC_WARN_UNDECLARED_SELECTOR = YES;
				GCC_WARN_UNINITIALIZED_AUTOS = YES_AGGRESSIVE;
				GCC_WARN_UNUSED_FUNCTION = YES;
				GCC_WARN_UNUSED_VARIABLE = YES;
				IPHONEOS_DEPLOYMENT_TARGET = 11.3;
				MTL_ENABLE_DEBUG_INFO = NO;
				SDKROOT = iphoneos;
				SWIFT_COMPILATION_MODE = wholemodule;
				SWIFT_OPTIMIZATION_LEVEL = "-O";
				VALIDATE_PRODUCT = YES;
			};
			name = Release;
		};
		C076DE8C20B48FAD006EC3C2 /* Debug */ = {
			isa = XCBuildConfiguration;
			baseConfigurationReference = 0F599B90D27B34CA128822CD /* Pods-nPOS.debug.xcconfig */;
			buildSettings = {
				ASSETCATALOG_COMPILER_APPICON_NAME = AppIcon;
				CODE_SIGN_STYLE = Automatic;
				DEVELOPMENT_TEAM = Z4NGAZXKWW;
				INFOPLIST_FILE = nPOS/Info.plist;
				LD_RUNPATH_SEARCH_PATHS = (
					"$(inherited)",
					"@executable_path/Frameworks",
				);
				PRODUCT_BUNDLE_IDENTIFIER = uladzislau.daratsiuk.nPOS;
				PRODUCT_NAME = "$(TARGET_NAME)";
				SWIFT_VERSION = 4.0;
				TARGETED_DEVICE_FAMILY = 2;
			};
			name = Debug;
		};
		C076DE8D20B48FAD006EC3C2 /* Release */ = {
			isa = XCBuildConfiguration;
			baseConfigurationReference = 83F055317DF6BC2E13EB12A0 /* Pods-nPOS.release.xcconfig */;
			buildSettings = {
				ASSETCATALOG_COMPILER_APPICON_NAME = AppIcon;
				CODE_SIGN_STYLE = Automatic;
				DEVELOPMENT_TEAM = Z4NGAZXKWW;
				INFOPLIST_FILE = nPOS/Info.plist;
				LD_RUNPATH_SEARCH_PATHS = (
					"$(inherited)",
					"@executable_path/Frameworks",
				);
				PRODUCT_BUNDLE_IDENTIFIER = uladzislau.daratsiuk.nPOS;
				PRODUCT_NAME = "$(TARGET_NAME)";
				SWIFT_VERSION = 4.0;
				TARGETED_DEVICE_FAMILY = 2;
			};
			name = Release;
		};
		C076DE8F20B48FAD006EC3C2 /* Debug */ = {
			isa = XCBuildConfiguration;
			buildSettings = {
				ALWAYS_EMBED_SWIFT_STANDARD_LIBRARIES = YES;
				BUNDLE_LOADER = "$(TEST_HOST)";
				CODE_SIGN_STYLE = Automatic;
				DEVELOPMENT_TEAM = Z4NGAZXKWW;
				INFOPLIST_FILE = nPOSTests/Info.plist;
				LD_RUNPATH_SEARCH_PATHS = (
					"$(inherited)",
					"@executable_path/Frameworks",
					"@loader_path/Frameworks",
				);
				PRODUCT_BUNDLE_IDENTIFIER = uladzislau.daratsiuk.nPOSTests;
				PRODUCT_NAME = "$(TARGET_NAME)";
				SWIFT_VERSION = 4.0;
				TARGETED_DEVICE_FAMILY = "1,2";
				TEST_HOST = "$(BUILT_PRODUCTS_DIR)/nPOS.app/nPOS";
			};
			name = Debug;
		};
		C076DE9020B48FAD006EC3C2 /* Release */ = {
			isa = XCBuildConfiguration;
			buildSettings = {
				ALWAYS_EMBED_SWIFT_STANDARD_LIBRARIES = YES;
				BUNDLE_LOADER = "$(TEST_HOST)";
				CODE_SIGN_STYLE = Automatic;
				DEVELOPMENT_TEAM = Z4NGAZXKWW;
				INFOPLIST_FILE = nPOSTests/Info.plist;
				LD_RUNPATH_SEARCH_PATHS = (
					"$(inherited)",
					"@executable_path/Frameworks",
					"@loader_path/Frameworks",
				);
				PRODUCT_BUNDLE_IDENTIFIER = uladzislau.daratsiuk.nPOSTests;
				PRODUCT_NAME = "$(TARGET_NAME)";
				SWIFT_VERSION = 4.0;
				TARGETED_DEVICE_FAMILY = "1,2";
				TEST_HOST = "$(BUILT_PRODUCTS_DIR)/nPOS.app/nPOS";
			};
			name = Release;
		};
		C076DE9220B48FAD006EC3C2 /* Debug */ = {
			isa = XCBuildConfiguration;
			buildSettings = {
				ALWAYS_EMBED_SWIFT_STANDARD_LIBRARIES = YES;
				CODE_SIGN_STYLE = Automatic;
				DEVELOPMENT_TEAM = Z4NGAZXKWW;
				INFOPLIST_FILE = nPOSUITests/Info.plist;
				LD_RUNPATH_SEARCH_PATHS = (
					"$(inherited)",
					"@executable_path/Frameworks",
					"@loader_path/Frameworks",
				);
				PRODUCT_BUNDLE_IDENTIFIER = uladzislau.daratsiuk.nPOSUITests;
				PRODUCT_NAME = "$(TARGET_NAME)";
				SWIFT_VERSION = 4.0;
				TARGETED_DEVICE_FAMILY = "1,2";
				TEST_TARGET_NAME = nPOS;
			};
			name = Debug;
		};
		C076DE9320B48FAD006EC3C2 /* Release */ = {
			isa = XCBuildConfiguration;
			buildSettings = {
				ALWAYS_EMBED_SWIFT_STANDARD_LIBRARIES = YES;
				CODE_SIGN_STYLE = Automatic;
				DEVELOPMENT_TEAM = Z4NGAZXKWW;
				INFOPLIST_FILE = nPOSUITests/Info.plist;
				LD_RUNPATH_SEARCH_PATHS = (
					"$(inherited)",
					"@executable_path/Frameworks",
					"@loader_path/Frameworks",
				);
				PRODUCT_BUNDLE_IDENTIFIER = uladzislau.daratsiuk.nPOSUITests;
				PRODUCT_NAME = "$(TARGET_NAME)";
				SWIFT_VERSION = 4.0;
				TARGETED_DEVICE_FAMILY = "1,2";
				TEST_TARGET_NAME = nPOS;
			};
			name = Release;
		};
/* End XCBuildConfiguration section */

/* Begin XCConfigurationList section */
		C076DE5B20B48FAB006EC3C2 /* Build configuration list for PBXProject "nPOS" */ = {
			isa = XCConfigurationList;
			buildConfigurations = (
				C076DE8920B48FAD006EC3C2 /* Debug */,
				C076DE8A20B48FAD006EC3C2 /* Release */,
			);
			defaultConfigurationIsVisible = 0;
			defaultConfigurationName = Release;
		};
		C076DE8B20B48FAD006EC3C2 /* Build configuration list for PBXNativeTarget "nPOS" */ = {
			isa = XCConfigurationList;
			buildConfigurations = (
				C076DE8C20B48FAD006EC3C2 /* Debug */,
				C076DE8D20B48FAD006EC3C2 /* Release */,
			);
			defaultConfigurationIsVisible = 0;
			defaultConfigurationName = Release;
		};
		C076DE8E20B48FAD006EC3C2 /* Build configuration list for PBXNativeTarget "nPOSTests" */ = {
			isa = XCConfigurationList;
			buildConfigurations = (
				C076DE8F20B48FAD006EC3C2 /* Debug */,
				C076DE9020B48FAD006EC3C2 /* Release */,
			);
			defaultConfigurationIsVisible = 0;
			defaultConfigurationName = Release;
		};
		C076DE9120B48FAD006EC3C2 /* Build configuration list for PBXNativeTarget "nPOSUITests" */ = {
			isa = XCConfigurationList;
			buildConfigurations = (
				C076DE9220B48FAD006EC3C2 /* Debug */,
				C076DE9320B48FAD006EC3C2 /* Release */,
			);
			defaultConfigurationIsVisible = 0;
			defaultConfigurationName = Release;
		};
/* End XCConfigurationList section */

/* Begin XCVersionGroup section */
		C076DE6A20B48FAB006EC3C2 /* nPOS.xcdatamodeld */ = {
			isa = XCVersionGroup;
			children = (
				C076DE6B20B48FAB006EC3C2 /* nPOS.xcdatamodel */,
			);
			currentVersion = C076DE6B20B48FAB006EC3C2 /* nPOS.xcdatamodel */;
			path = nPOS.xcdatamodeld;
			sourceTree = "<group>";
			versionGroupType = wrapper.xcdatamodel;
		};
/* End XCVersionGroup section */
	};
	rootObject = C076DE5820B48FAB006EC3C2 /* Project object */;
}
